// !$*UTF8*$!
{
	archiveVersion = 1;
	classes = {
	};
	objectVersion = 77;
	objects = {

/* Begin PBXBuildFile section */
		1685389CC11345E0B0C7AF90 /* ZappiconIcons in Frameworks */ = {isa = PBXBuildFile; productRef = B6C6DF8C628840ABA8D68950 /* ZappiconIcons */; };
		7899861A953747A7896D387C /* LucideIcons in Frameworks */ = {isa = PBXBuildFile; productRef = 138061FE3E0D4FB49D5E933B /* LucideIcons */; };
		A1B2C3D4E5F6A7B8C9D0E1F2 /* SolarIcons in Frameworks */ = {isa = PBXBuildFile; productRef = F1E2D3C4B5A6978869504132 /* SolarIcons */; };
		BB100003BB100003BB100003 /* WidgetKit.framework in Frameworks */ = {isa = PBXBuildFile; fileRef = F40957812F4E8A7E006EA119 /* WidgetKit.framework */; };
		BB100004BB100004BB100004 /* SwiftUI.framework in Frameworks */ = {isa = PBXBuildFile; fileRef = F40957832F4E8A7E006EA119 /* SwiftUI.framework */; };
		BB100005BB100005BB100005 /* musicExtension.appex in Embed Foundation Extensions */ = {isa = PBXBuildFile; fileRef = BB100011BB100011BB100011 /* musicExtension.appex */; settings = {ATTRIBUTES = (RemoveHeadersOnCopy, ); }; };
		C0DE20000000000000000001 /* BlobIcons in Frameworks */ = {isa = PBXBuildFile; productRef = C0DE20000000000000000003 /* BlobIcons */; };
		C0DE30000000000000000001 /* doodlePop in Frameworks */ = {isa = PBXBuildFile; productRef = C0DE30000000000000000003 /* doodlePop */; };
		C0DE40000000000000000001 /* PawPrintIcons in Frameworks */ = {isa = PBXBuildFile; productRef = C0DE40000000000000000003 /* PawPrintIcons */; };
		C0DE50000000000000000001 /* DotDogSnakeIcons in Frameworks */ = {isa = PBXBuildFile; productRef = C0DE50000000000000000003 /* DotDogSnakeIcons */; };
		C0DE60000000000000000001 /* MinimalWhiteIcons in Frameworks */ = {isa = PBXBuildFile; productRef = C0DE60000000000000000003 /* MinimalWhiteIcons */; };
		C0DE70000000000000000001 /* ZIPFoundation in Frameworks */ = {isa = PBXBuildFile; productRef = C0DE70000000000000000003 /* ZIPFoundation */; };
		C0DE80000000000000000001 /* SwiftPixelGrid in Frameworks */ = {isa = PBXBuildFile; productRef = C0DE80000000000000000003 /* SwiftPixelGrid */; };
		C0DEA0000000000000000001 /* PulseBloomIcons in Frameworks */ = {isa = PBXBuildFile; productRef = C0DEA0000000000000000003 /* PulseBloomIcons */; };
		C0DEB0000000000000000001 /* MonoGlyphIcons in Frameworks */ = {isa = PBXBuildFile; productRef = C0DEB0000000000000000003 /* MonoGlyphIcons */; };
		C0DEC0000000000000000001 /* ShibaWelcome in Frameworks */ = {isa = PBXBuildFile; productRef = C0DEC0000000000000000003 /* ShibaWelcome */; };
		DD300001DD300001DD300001 /* HiconIcons in Frameworks */ = {isa = PBXBuildFile; productRef = DD300002DD300002DD300002 /* HiconIcons */; };
		E1900002E1900002E1900002 /* YeZiGongChangGangFengSong.ttf in Resources */ = {isa = PBXBuildFile; fileRef = E1900001E1900001E1900001 /* YeZiGongChangGangFengSong.ttf */; };
		F4087C202F543A24006005CB /* HiconIcons in Frameworks */ = {isa = PBXBuildFile; productRef = F4087C1F2F543A24006005CB /* HiconIcons */; };
		F41CFD832F6C1576006ACEF7 /* WidgetKit.framework in Frameworks */ = {isa = PBXBuildFile; fileRef = F40957812F4E8A7E006EA119 /* WidgetKit.framework */; };
		F41CFD842F6C1585006ACEF7 /* SwiftUI.framework in Frameworks */ = {isa = PBXBuildFile; fileRef = F40957832F4E8A7E006EA119 /* SwiftUI.framework */; };
		F48E9C452F3B4F060060F4D4 /* NeteaseCloudMusicAPI in Frameworks */ = {isa = PBXBuildFile; productRef = F48E9C442F3B4F060060F4D4 /* NeteaseCloudMusicAPI */; };
		F4DE904E2F42439900F27065 /* QQMusicKit in Frameworks */ = {isa = PBXBuildFile; productRef = F4DE904D2F42439900F27065 /* QQMusicKit */; };
		F4DE905F2F42E31F00F27065 /* FFmpegSwiftSDK in Frameworks */ = {isa = PBXBuildFile; productRef = F4DE905E2F42E31F00F27065 /* FFmpegSwiftSDK */; };
/* End PBXBuildFile section */

/* Begin PBXContainerItemProxy section */
		1FF8FE3A98904ED16F42A748 /* PBXContainerItemProxy */ = {
			isa = PBXContainerItemProxy;
			containerPortal = F4CCFD702F320B5900FC36CA /* Project object */;
			proxyType = 1;
			remoteGlobalIDString = F4CCFD772F320B5900FC36CA;
			remoteInfo = Mono;
		};
		BB100020BB100020BB100020 /* PBXContainerItemProxy */ = {
			isa = PBXContainerItemProxy;
			containerPortal = F4CCFD702F320B5900FC36CA /* Project object */;
			proxyType = 1;
			remoteGlobalIDString = BB100010BB100010BB100010;
			remoteInfo = musicExtension;
		};
/* End PBXContainerItemProxy section */

/* Begin PBXCopyFilesBuildPhase section */
		F409579A2F4E8A84006EA119 /* Embed Foundation Extensions */ = {
			isa = PBXCopyFilesBuildPhase;
			buildActionMask = 2147483647;
			dstPath = "";
			dstSubfolderSpec = 13;
			files = (
				BB100005BB100005BB100005 /* musicExtension.appex in Embed Foundation Extensions */,
			);
			name = "Embed Foundation Extensions";
			runOnlyForDeploymentPostprocessing = 0;
		};
/* End PBXCopyFilesBuildPhase section */

/* Begin PBXFileReference section */
		BB100011BB100011BB100011 /* musicExtension.appex */ = {isa = PBXFileReference; explicitFileType = "wrapper.app-extension"; includeInIndex = 0; path = musicExtension.appex; sourceTree = BUILT_PRODUCTS_DIR; };
		BB100030BB100030BB100030 /* musicExtensionDebug.entitlements */ = {isa = PBXFileReference; lastKnownFileType = text.plist.entitlements; path = musicExtensionDebug.entitlements; sourceTree = "<group>"; };
		E1900001E1900001E1900001 /* YeZiGongChangGangFengSong.ttf */ = {isa = PBXFileReference; lastKnownFileType = file; name = YeZiGongChangGangFengSong.ttf; path = Sources/Mono/Resources/YeZiGongChangGangFengSong.ttf; sourceTree = SOURCE_ROOT; };
		E4A1CA7E3D58A40E959DB069 /* MonoTests.xctest */ = {isa = PBXFileReference; explicitFileType = wrapper.cfbundle; path = MonoTests.xctest; sourceTree = BUILT_PRODUCTS_DIR; };
		F40957812F4E8A7E006EA119 /* WidgetKit.framework */ = {isa = PBXFileReference; lastKnownFileType = wrapper.framework; name = WidgetKit.framework; path = System/Library/Frameworks/WidgetKit.framework; sourceTree = SDKROOT; };
		F40957832F4E8A7E006EA119 /* SwiftUI.framework */ = {isa = PBXFileReference; lastKnownFileType = wrapper.framework; name = SwiftUI.framework; path = System/Library/Frameworks/SwiftUI.framework; sourceTree = SDKROOT; };
		F40957A12F4EE248006EA119 /* MonoDebug.entitlements */ = {isa = PBXFileReference; lastKnownFileType = text.plist.entitlements; path = MonoDebug.entitlements; sourceTree = "<group>"; };
		F4096B1D2F457B85006F9554 /* Secrets.xcconfig */ = {isa = PBXFileReference; lastKnownFileType = text.xcconfig; path = Secrets.xcconfig; sourceTree = "<group>"; };
		F4CCFD782F320B5900FC36CA /* Mono.app */ = {isa = PBXFileReference; explicitFileType = wrapper.application; includeInIndex = 0; path = Mono.app; sourceTree = BUILT_PRODUCTS_DIR; };
/* End PBXFileReference section */

/* Begin PBXFileSystemSynchronizedBuildFileExceptionSet section */
		BB100060BB100060BB100060 /* Exceptions for "music" folder in "musicExtension" target */ = {
			isa = PBXFileSystemSynchronizedBuildFileExceptionSet;
			membershipExceptions = (
				Info.plist,
			);
			target = BB100010BB100010BB100010 /* musicExtension */;
		};
		F4CCFD7B2F320B5900FC36CA /* Exceptions for "Sources/Mono" folder in "Mono" target */ = {
			isa = PBXFileSystemSynchronizedBuildFileExceptionSet;
			membershipExceptions = (
				Info.plist,
				Themes/Clarity/DESIGN.md,
			);
			target = F4CCFD772F320B5900FC36CA /* Mono */;
		};
/* End PBXFileSystemSynchronizedBuildFileExceptionSet section */

/* Begin PBXFileSystemSynchronizedRootGroup section */
		92CEBE53BD4071940758390A /* Tests/MonoTests */ = {
			isa = PBXFileSystemSynchronizedRootGroup;
			path = Tests/MonoTests;
			sourceTree = "<group>";
		};
		BB100040BB100040BB100040 /* music */ = {
			isa = PBXFileSystemSynchronizedRootGroup;
			exceptions = (
				BB100060BB100060BB100060 /* Exceptions for "music" folder in "musicExtension" target */,
			);
			path = music;
			sourceTree = "<group>";
		};
		CC200001CC200001CC200001 /* Shared */ = {
			isa = PBXFileSystemSynchronizedRootGroup;
			path = Shared;
			sourceTree = "<group>";
		};
		F4CCFD7A2F320B5900FC36CA /* Sources/Mono */ = {
			isa = PBXFileSystemSynchronizedRootGroup;
			exceptions = (
				F4CCFD7B2F320B5900FC36CA /* Exceptions for "Sources/Mono" folder in "Mono" target */,
			);
			path = Sources/Mono;
			sourceTree = "<group>";
		};
/* End PBXFileSystemSynchronizedRootGroup section */

/* Begin PBXFrameworksBuildPhase section */
		B900C968C784F01D8247B565 /* Frameworks */ = {
			isa = PBXFrameworksBuildPhase;
			buildActionMask = 2147483647;
			files = (
			);
			runOnlyForDeploymentPostprocessing = 0;
		};
		BB100012BB100012BB100012 /* Frameworks */ = {
			isa = PBXFrameworksBuildPhase;
			buildActionMask = 2147483647;
			files = (
				BB100003BB100003BB100003 /* WidgetKit.framework in Frameworks */,
				BB100004BB100004BB100004 /* SwiftUI.framework in Frameworks */,
				DD300001DD300001DD300001 /* HiconIcons in Frameworks */,
			);
			runOnlyForDeploymentPostprocessing = 0;
		};
		F4CCFD752F320B5900FC36CA /* Frameworks */ = {
			isa = PBXFrameworksBuildPhase;
			buildActionMask = 2147483647;
			files = (
				F4DE904E2F42439900F27065 /* QQMusicKit in Frameworks */,
				F4DE905F2F42E31F00F27065 /* FFmpegSwiftSDK in Frameworks */,
				F41CFD832F6C1576006ACEF7 /* WidgetKit.framework in Frameworks */,
				F48E9C452F3B4F060060F4D4 /* NeteaseCloudMusicAPI in Frameworks */,
				F41CFD842F6C1585006ACEF7 /* SwiftUI.framework in Frameworks */,
				F4087C202F543A24006005CB /* HiconIcons in Frameworks */,
				1685389CC11345E0B0C7AF90 /* ZappiconIcons in Frameworks */,
				7899861A953747A7896D387C /* LucideIcons in Frameworks */,
				A1B2C3D4E5F6A7B8C9D0E1F2 /* SolarIcons in Frameworks */,
				C0DE20000000000000000001 /* BlobIcons in Frameworks */,
				C0DE30000000000000000001 /* doodlePop in Frameworks */,
				C0DE40000000000000000001 /* PawPrintIcons in Frameworks */,
				C0DE50000000000000000001 /* DotDogSnakeIcons in Frameworks */,
				C0DE60000000000000000001 /* MinimalWhiteIcons in Frameworks */,
				C0DE70000000000000000001 /* ZIPFoundation in Frameworks */,
				C0DE80000000000000000001 /* SwiftPixelGrid in Frameworks */,
				C0DEA0000000000000000001 /* PulseBloomIcons in Frameworks */,
				C0DEB0000000000000000001 /* MonoGlyphIcons in Frameworks */,
				C0DEC0000000000000000001 /* ShibaWelcome in Frameworks */,
			);
			runOnlyForDeploymentPostprocessing = 0;
		};
/* End PBXFrameworksBuildPhase section */

/* Begin PBXGroup section */
		F40957802F4E8A7E006EA119 /* Frameworks */ = {
			isa = PBXGroup;
			children = (
				F40957812F4E8A7E006EA119 /* WidgetKit.framework */,
				F40957832F4E8A7E006EA119 /* SwiftUI.framework */,
			);
			name = Frameworks;
			sourceTree = "<group>";
		};
		F4CCFD6F2F320B5900FC36CA = {
			isa = PBXGroup;
			children = (
				F40957A12F4EE248006EA119 /* MonoDebug.entitlements */,
				BB100030BB100030BB100030 /* musicExtensionDebug.entitlements */,
				92CEBE53BD4071940758390A /* Tests/MonoTests */,
				F4CCFD7A2F320B5900FC36CA /* Sources/Mono */,
				CC200001CC200001CC200001 /* Shared */,
				BB100040BB100040BB100040 /* music */,
				E1900001E1900001E1900001 /* YeZiGongChangGangFengSong.ttf */,
				F40957802F4E8A7E006EA119 /* Frameworks */,
				F4CCFD792F320B5900FC36CA /* Products */,
				F4096B1D2F457B85006F9554 /* Secrets.xcconfig */,
			);
			sourceTree = "<group>";
		};
		F4CCFD792F320B5900FC36CA /* Products */ = {
			isa = PBXGroup;
			children = (
				E4A1CA7E3D58A40E959DB069 /* MonoTests.xctest */,
				F4CCFD782F320B5900FC36CA /* Mono.app */,
				BB100011BB100011BB100011 /* musicExtension.appex */,
			);
			name = Products;
			sourceTree = "<group>";
		};
/* End PBXGroup section */

/* Begin PBXNativeTarget section */
		47FDCDF7D4E4E988139D8CBD /* MonoTests */ = {
			isa = PBXNativeTarget;
			buildConfigurationList = 23584558A7BB3D36D4D369FB /* Build configuration list for PBXNativeTarget "MonoTests" */;
			buildPhases = (
				5BA5BD09F57E4F60B9A798CF /* Sources */,
				B900C968C784F01D8247B565 /* Frameworks */,
				B15B3AF0B3A60FE3E1274EBD /* Resources */,
			);
			buildRules = (
			);
			dependencies = (
				2DB71BBF3D52F0D66EF32098 /* PBXTargetDependency */,
			);
			fileSystemSynchronizedGroups = (
				92CEBE53BD4071940758390A /* Tests/MonoTests */,
			);
			name = MonoTests;
			productName = MonoTests;
			productReference = E4A1CA7E3D58A40E959DB069 /* MonoTests.xctest */;
			productType = "com.apple.product-type.bundle.unit-test";
		};
		BB100010BB100010BB100010 /* musicExtension */ = {
			isa = PBXNativeTarget;
			buildConfigurationList = BB100050BB100050BB100050 /* Build configuration list for PBXNativeTarget "musicExtension" */;
			buildPhases = (
				BB100013BB100013BB100013 /* Sources */,
				BB100012BB100012BB100012 /* Frameworks */,
				BB100014BB100014BB100014 /* Resources */,
			);
			buildRules = (
			);
			dependencies = (
			);
			fileSystemSynchronizedGroups = (
				BB100040BB100040BB100040 /* music */,
				CC200001CC200001CC200001 /* Shared */,
			);
			name = musicExtension;
			packageProductDependencies = (
				DD300002DD300002DD300002 /* HiconIcons */,
			);
			productName = musicExtension;
			productReference = BB100011BB100011BB100011 /* musicExtension.appex */;
			productType = "com.apple.product-type.app-extension";
		};
		F4CCFD772F320B5900FC36CA /* Mono */ = {
			isa = PBXNativeTarget;
			buildConfigurationList = F4CCFD9C2F320B5D00FC36CA /* Build configuration list for PBXNativeTarget "Mono" */;
			buildPhases = (
				F4CCFD742F320B5900FC36CA /* Sources */,
				F4CCFD752F320B5900FC36CA /* Frameworks */,
				F4CCFD762F320B5900FC36CA /* Resources */,
				F409579A2F4E8A84006EA119 /* Embed Foundation Extensions */,
			);
			buildRules = (
			);
			dependencies = (
				BB100022BB100022BB100022 /* PBXTargetDependency */,
			);
			fileSystemSynchronizedGroups = (
				CC200001CC200001CC200001 /* Shared */,
				F4CCFD7A2F320B5900FC36CA /* Sources/Mono */,
			);
			name = Mono;
			packageProductDependencies = (
				F48E9C442F3B4F060060F4D4 /* NeteaseCloudMusicAPI */,
				F4DE904D2F42439900F27065 /* QQMusicKit */,
				F4DE905E2F42E31F00F27065 /* FFmpegSwiftSDK */,
				F4087C1F2F543A24006005CB /* HiconIcons */,
				B6C6DF8C628840ABA8D68950 /* ZappiconIcons */,
				138061FE3E0D4FB49D5E933B /* LucideIcons */,
				F1E2D3C4B5A6978869504132 /* SolarIcons */,
				C0DE20000000000000000003 /* BlobIcons */,
				C0DE30000000000000000003 /* doodlePop */,
				C0DE40000000000000000003 /* PawPrintIcons */,
				C0DE50000000000000000003 /* DotDogSnakeIcons */,
				C0DE60000000000000000003 /* MinimalWhiteIcons */,
				C0DE70000000000000000003 /* ZIPFoundation */,
				C0DE80000000000000000003 /* SwiftPixelGrid */,
				C0DEA0000000000000000003 /* PulseBloomIcons */,
				C0DEB0000000000000000003 /* MonoGlyphIcons */,
				C0DEC0000000000000000003 /* ShibaWelcome */,
			);
			productName = Mono;
			productReference = F4CCFD782F320B5900FC36CA /* Mono.app */;
			productType = "com.apple.product-type.application";
		};
/* End PBXNativeTarget section */

/* Begin PBXProject section */
		F4CCFD702F320B5900FC36CA /* Project object */ = {
			isa = PBXProject;
			attributes = {
				BuildIndependentTargetsInParallel = 1;
				LastSwiftUpdateCheck = 2630;
				LastUpgradeCheck = 2640;
				TargetAttributes = {
					BB100010BB100010BB100010 = {
						CreatedOnToolsVersion = 16.3;
					};
					F4CCFD772F320B5900FC36CA = {
						CreatedOnToolsVersion = 16.3;
					};
				};
			};
			buildConfigurationList = F4CCFD732F320B5900FC36CA /* Build configuration list for PBXProject "Mono" */;
			developmentRegion = en;
			hasScannedForEncodings = 0;
			knownRegions = (
				en,
				Base,
				"zh-Hans",
			);
			mainGroup = F4CCFD6F2F320B5900FC36CA;
			minimizedProjectReferenceProxies = 1;
			packageReferences = (
				F48E9C432F3B4F060060F4D4 /* XCLocalSwiftPackageReference "Packages/MusicServices/NeteaseCloudMusicAPI-Swift" */,
				F4DE904C2F42439900F27065 /* XCLocalSwiftPackageReference "Packages/MusicServices/QQMusicKit" */,
				F4DE905D2F42E31F00F27065 /* XCLocalSwiftPackageReference "Packages/Audio/ffmpeg-swift" */,
				F4087C1E2F543A24006005CB /* XCLocalSwiftPackageReference "Packages/Icons/HiconIcons" */,
				1B8793A2EBAA41FFB9F5D519 /* XCLocalSwiftPackageReference "Packages/Icons/ZappiconIcons" */,
				96FB55B756AB4F8CAB80801E /* XCLocalSwiftPackageReference "Packages/Icons/LucideIcons" */,
				D4E5F6A7B8C9D0E1F2A3B4C5 /* XCLocalSwiftPackageReference "Packages/Icons/SolarIcons" */,
				C0DE20000000000000000002 /* XCLocalSwiftPackageReference "Packages/Icons/BlobIcons" */,
				C0DE30000000000000000002 /* XCLocalSwiftPackageReference "Packages/Icons/doodlePop" */,
				C0DE40000000000000000002 /* XCLocalSwiftPackageReference "Packages/Icons/PawPrintIcons" */,
				C0DE50000000000000000002 /* XCLocalSwiftPackageReference "Packages/Icons/DotDogSnakeIcons" */,
				C0DE60000000000000000002 /* XCLocalSwiftPackageReference "Packages/Icons/MinimalWhiteIcons" */,
				C0DE70000000000000000002 /* XCRemoteSwiftPackageReference "ZIPFoundation" */,
				C0DE80000000000000000002 /* XCLocalSwiftPackageReference "Packages/UI/SwiftPixelGrid" */,
				C0DEA0000000000000000002 /* XCLocalSwiftPackageReference "Packages/Icons/PulseBloomIcons" */,
				C0DEB0000000000000000002 /* XCLocalSwiftPackageReference "Packages/Icons/MonoGlyphIcons" */,
				C0DEC0000000000000000002 /* XCLocalSwiftPackageReference "Packages/UI/ShibaWelcome" */,
			);
			preferredProjectObjectVersion = 77;
			productRefGroup = F4CCFD792F320B5900FC36CA /* Products */;
			projectDirPath = "";
			projectRoot = "";
			targets = (
				47FDCDF7D4E4E988139D8CBD /* MonoTests */,
				F4CCFD772F320B5900FC36CA /* Mono */,
				BB100010BB100010BB100010 /* musicExtension */,
			);
		};
/* End PBXProject section */

/* Begin PBXResourcesBuildPhase section */
		B15B3AF0B3A60FE3E1274EBD /* Resources */ = {
			isa = PBXResourcesBuildPhase;
			buildActionMask = 2147483647;
			files = (
			);
			runOnlyForDeploymentPostprocessing = 0;
		};
		BB100014BB100014BB100014 /* Resources */ = {
			isa = PBXResourcesBuildPhase;
			buildActionMask = 2147483647;
			files = (
				E1900002E1900002E1900002 /* YeZiGongChangGangFengSong.ttf in Resources */,
			);
			runOnlyForDeploymentPostprocessing = 0;
		};
		F4CCFD762F320B5900FC36CA /* Resources */ = {
			isa = PBXResourcesBuildPhase;
			buildActionMask = 2147483647;
			files = (
			);
			runOnlyForDeploymentPostprocessing = 0;
		};
/* End PBXResourcesBuildPhase section */

/* Begin PBXSourcesBuildPhase section */
		5BA5BD09F57E4F60B9A798CF /* Sources */ = {
			isa = PBXSourcesBuildPhase;
			buildActionMask = 2147483647;
			files = (
			);
			runOnlyForDeploymentPostprocessing = 0;
		};
		BB100013BB100013BB100013 /* Sources */ = {
			isa = PBXSourcesBuildPhase;
			buildActionMask = 2147483647;
			files = (
			);
			runOnlyForDeploymentPostprocessing = 0;
		};
		F4CCFD742F320B5900FC36CA /* Sources */ = {
			isa = PBXSourcesBuildPhase;
			buildActionMask = 2147483647;
			files = (
			);
			runOnlyForDeploymentPostprocessing = 0;
		};
/* End PBXSourcesBuildPhase section */

/* Begin PBXTargetDependency section */
		2DB71BBF3D52F0D66EF32098 /* PBXTargetDependency */ = {
			isa = PBXTargetDependency;
			target = F4CCFD772F320B5900FC36CA /* Mono */;
			targetProxy = 1FF8FE3A98904ED16F42A748 /* PBXContainerItemProxy */;
		};
		BB100022BB100022BB100022 /* PBXTargetDependency */ = {
			isa = PBXTargetDependency;
			target = BB100010BB100010BB100010 /* musicExtension */;
			targetProxy = BB100020BB100020BB100020 /* PBXContainerItemProxy */;
		};
/* End PBXTargetDependency section */

/* Begin XCBuildConfiguration section */
		1C133D2B4956CD8AFD5C4163 /* Release */ = {
			isa = XCBuildConfiguration;
			buildSettings = {
				BUNDLE_LOADER = "$(TEST_HOST)";
				CURRENT_PROJECT_VERSION = 93;
				GENERATE_INFOPLIST_FILE = YES;
				IPHONEOS_DEPLOYMENT_TARGET = 16.0;
				PRODUCT_BUNDLE_IDENTIFIER = com.mono.tests;
				PRODUCT_NAME = "$(TARGET_NAME)";
				SDKROOT = iphoneos;
				SUPPORTED_PLATFORMS = "iphoneos iphonesimulator";
				SWIFT_EMIT_LOC_STRINGS = NO;
				SWIFT_VERSION = 6.0;
				TARGETED_DEVICE_FAMILY = "1,2";
				TEST_HOST = "$(BUILT_PRODUCTS_DIR)/Mono.app/Mono";
			};
			name = Release;
		};
		803F9224A8B1426F4E966C79 /* Debug */ = {
			isa = XCBuildConfiguration;
			buildSettings = {
				BUNDLE_LOADER = "$(TEST_HOST)";
				CURRENT_PROJECT_VERSION = 93;
				GENERATE_INFOPLIST_FILE = YES;
				IPHONEOS_DEPLOYMENT_TARGET = 16.0;
				PRODUCT_BUNDLE_IDENTIFIER = com.mono.tests;
				PRODUCT_NAME = "$(TARGET_NAME)";
				SDKROOT = iphoneos;
				SUPPORTED_PLATFORMS = "iphoneos iphonesimulator";
				SWIFT_EMIT_LOC_STRINGS = NO;
				SWIFT_VERSION = 6.0;
				TARGETED_DEVICE_FAMILY = "1,2";
				TEST_HOST = "$(BUILT_PRODUCTS_DIR)/Mono.app/Mono";
			};
			name = Debug;
		};
		BB100051BB100051BB100051 /* Debug */ = {
			isa = XCBuildConfiguration;
			buildSettings = {
				ASSETCATALOG_COMPILER_GLOBAL_ACCENT_COLOR_NAME = AccentColor;
				ASSETCATALOG_COMPILER_WIDGET_BACKGROUND_COLOR_NAME = WidgetBackground;
				CODE_SIGN_ENTITLEMENTS = musicExtensionDebug.entitlements;
				CODE_SIGN_IDENTITY = "Apple Development";
				CODE_SIGN_STYLE = Automatic;
				CURRENT_PROJECT_VERSION = 93;
				DEVELOPMENT_TEAM = 7VJKFX4HF8;
				GENERATE_INFOPLIST_FILE = YES;
				INFOPLIST_FILE = music/Info.plist;
				INFOPLIST_KEY_CFBundleDisplayName = Mono;
				INFOPLIST_KEY_NSHumanReadableCopyright = "";
				IPHONEOS_DEPLOYMENT_TARGET = 17.0;
				LD_RUNPATH_SEARCH_PATHS = (
					"$(inherited)",
					"@executable_path/Frameworks",
					"@executable_path/../../Frameworks",
				);
				MARKETING_VERSION = 1.0;
				PRODUCT_BUNDLE_IDENTIFIER = zijiu.Monologue.com.musicExtension;
				PRODUCT_NAME = "$(TARGET_NAME)";
				SDKROOT = iphoneos;
				SKIP_INSTALL = YES;
				SUPPORTED_PLATFORMS = "iphoneos iphonesimulator";
				SUPPORTS_MACCATALYST = NO;
				SUPPORTS_MAC_DESIGNED_FOR_IPHONE_IPAD = NO;
				SUPPORTS_XR_DESIGNED_FOR_IPHONE_IPAD = NO;
				SWIFT_EMIT_LOC_STRINGS = YES;
				SWIFT_VERSION = 6.0;
				TARGETED_DEVICE_FAMILY = "1,2";
			};
			name = Debug;
		};
		BB100052BB100052BB100052 /* Release */ = {
			isa = XCBuildConfiguration;
			buildSettings = {
				ASSETCATALOG_COMPILER_GLOBAL_ACCENT_COLOR_NAME = AccentColor;
				ASSETCATALOG_COMPILER_WIDGET_BACKGROUND_COLOR_NAME = WidgetBackground;
				CODE_SIGN_ENTITLEMENTS = musicExtensionDebug.entitlements;
				CODE_SIGN_IDENTITY = "Apple Development";
				CODE_SIGN_STYLE = Automatic;
				COPY_PHASE_STRIP = YES;
				CURRENT_PROJECT_VERSION = 93;
				DEAD_CODE_STRIPPING = YES;
				DEBUG_INFORMATION_FORMAT = "dwarf-with-dsym";
				DEPLOYMENT_POSTPROCESSING = YES;
				DEVELOPMENT_TEAM = 7VJKFX4HF8;
				GCC_GENERATE_DEBUGGING_SYMBOLS = YES;
				GENERATE_INFOPLIST_FILE = YES;
				INFOPLIST_FILE = music/Info.plist;
				INFOPLIST_KEY_CFBundleDisplayName = Mono;
				INFOPLIST_KEY_NSHumanReadableCopyright = "";
				IPHONEOS_DEPLOYMENT_TARGET = 17.0;
				LD_RUNPATH_SEARCH_PATHS = (
					"$(inherited)",
					"@executable_path/Frameworks",
					"@executable_path/../../Frameworks",
				);
				MARKETING_VERSION = 1.0;
				PRODUCT_BUNDLE_IDENTIFIER = zijiu.Monologue.com.musicExtension;
				PRODUCT_NAME = "$(TARGET_NAME)";
				SDKROOT = iphoneos;
				SKIP_INSTALL = YES;
				SUPPORTED_PLATFORMS = "iphoneos iphonesimulator";
				SUPPORTS_MACCATALYST = NO;
				SUPPORTS_MAC_DESIGNED_FOR_IPHONE_IPAD = NO;
				SUPPORTS_XR_DESIGNED_FOR_IPHONE_IPAD = NO;
				SWIFT_EMIT_LOC_STRINGS = YES;
				SWIFT_SERIALIZE_DEBUGGING_OPTIONS = NO;
				SWIFT_VERSION = 6.0;
				TARGETED_DEVICE_FAMILY = "1,2";
			};
			name = Release;
		};
		F4CCFD9A2F320B5D00FC36CA /* Debug */ = {
			isa = XCBuildConfiguration;
			baseConfigurationReference = F4096B1D2F457B85006F9554 /* Secrets.xcconfig */;
			buildSettings = {
				ALWAYS_SEARCH_USER_PATHS = NO;
				ASSETCATALOG_COMPILER_GENERATE_SWIFT_ASSET_SYMBOL_EXTENSIONS = YES;
				CLANG_ANALYZER_LOCALIZABILITY_NONLOCALIZED = YES;
				CLANG_ANALYZER_NONNULL = YES;
				CLANG_ANALYZER_NUMBER_OBJECT_CONVERSION = YES_AGGRESSIVE;
				CLANG_CXX_LANGUAGE_STANDARD = "gnu++20";
				CLANG_ENABLE_MODULES = YES;
				CLANG_ENABLE_OBJC_ARC = YES;
				CLANG_ENABLE_OBJC_WEAK = YES;
				CLANG_WARN_BLOCK_CAPTURE_AUTORELEASING = YES;
				CLANG_WARN_BOOL_CONVERSION = YES;
				CLANG_WARN_COMMA = YES;
				CLANG_WARN_CONSTANT_CONVERSION = YES;
				CLANG_WARN_DEPRECATED_OBJC_IMPLEMENTATIONS = YES;
				CLANG_WARN_DIRECT_OBJC_ISA_USAGE = YES_ERROR;
				CLANG_WARN_DOCUMENTATION_COMMENTS = YES;
				CLANG_WARN_EMPTY_BODY = YES;
				CLANG_WARN_ENUM_CONVERSION = YES;
				CLANG_WARN_INFINITE_RECURSION = YES;
				CLANG_WARN_INT_CONVERSION = YES;
				CLANG_WARN_NON_LITERAL_NULL_CONVERSION = YES;
				CLANG_WARN_OBJC_IMPLICIT_RETAIN_SELF = YES;
				CLANG_WARN_OBJC_LITERAL_CONVERSION = YES;
				CLANG_WARN_OBJC_ROOT_CLASS = YES_ERROR;
				CLANG_WARN_QUOTED_INCLUDE_IN_FRAMEWORK_HEADER = YES;
				CLANG_WARN_RANGE_LOOP_ANALYSIS = YES;
				CLANG_WARN_STRICT_PROTOTYPES = YES;
				CLANG_WARN_SUSPICIOUS_MOVE = YES;
				CLANG_WARN_UNGUARDED_AVAILABILITY = YES_AGGRESSIVE;
				CLANG_WARN_UNREACHABLE_CODE = YES;
				CLANG_WARN__DUPLICATE_METHOD_MATCH = YES;
				CODE_SIGN_IDENTITY = "Apple Development";
				COPY_PHASE_STRIP = NO;
				DEBUG_INFORMATION_FORMAT = "dwarf-with-dsym";
				DEVELOPMENT_TEAM = 7VJKFX4HF8;
				ENABLE_STRICT_OBJC_MSGSEND = YES;
				ENABLE_TESTABILITY = YES;
				ENABLE_USER_SCRIPT_SANDBOXING = YES;
				GCC_C_LANGUAGE_STANDARD = gnu17;
				GCC_DYNAMIC_NO_PIC = NO;
				GCC_NO_COMMON_BLOCKS = YES;
				GCC_OPTIMIZATION_LEVEL = 0;
				GCC_PREPROCESSOR_DEFINITIONS = (
					"DEBUG=1",
					"$(inherited)",
				);
				GCC_WARN_64_TO_32_BIT_CONVERSION = YES;
				GCC_WARN_ABOUT_RETURN_TYPE = YES_ERROR;
				GCC_WARN_UNDECLARED_SELECTOR = YES;
				GCC_WARN_UNINITIALIZED_AUTOS = YES_AGGRESSIVE;
				GCC_WARN_UNUSED_FUNCTION = YES;
				GCC_WARN_UNUSED_VARIABLE = YES;
				IPHONEOS_DEPLOYMENT_TARGET = 16.0;
				LOCALIZATION_PREFERS_STRING_CATALOGS = YES;
				MTL_ENABLE_DEBUG_INFO = INCLUDE_SOURCE;
				MTL_FAST_MATH = YES;
				ONLY_ACTIVE_ARCH = YES;
				SDKROOT = iphoneos;
				STRING_CATALOG_GENERATE_SYMBOLS = YES;
				SWIFT_ACTIVE_COMPILATION_CONDITIONS = "DEBUG $(inherited)";
				SWIFT_OPTIMIZATION_LEVEL = "-Onone";
				SWIFT_VERSION = 6.0;
			};
			name = Debug;
		};
		F4CCFD9B2F320B5D00FC36CA /* Release */ = {
			isa = XCBuildConfiguration;
			baseConfigurationReference = F4096B1D2F457B85006F9554 /* Secrets.xcconfig */;
			buildSettings = {
				ALWAYS_SEARCH_USER_PATHS = NO;
				ASSETCATALOG_COMPILER_GENERATE_SWIFT_ASSET_SYMBOL_EXTENSIONS = YES;
				CLANG_ANALYZER_LOCALIZABILITY_NONLOCALIZED = YES;
				CLANG_ANALYZER_NONNULL = YES;
				CLANG_ANALYZER_NUMBER_OBJECT_CONVERSION = YES_AGGRESSIVE;
				CLANG_CXX_LANGUAGE_STANDARD = "gnu++20";
				CLANG_ENABLE_MODULES = YES;
				CLANG_ENABLE_OBJC_ARC = YES;
				CLANG_ENABLE_OBJC_WEAK = YES;
				CLANG_WARN_BLOCK_CAPTURE_AUTORELEASING = YES;
				CLANG_WARN_BOOL_CONVERSION = YES;
				CLANG_WARN_COMMA = YES;
				CLANG_WARN_CONSTANT_CONVERSION = YES;
				CLANG_WARN_DEPRECATED_OBJC_IMPLEMENTATIONS = YES;
				CLANG_WARN_DIRECT_OBJC_ISA_USAGE = YES_ERROR;
				CLANG_WARN_DOCUMENTATION_COMMENTS = YES;
				CLANG_WARN_EMPTY_BODY = YES;
				CLANG_WARN_ENUM_CONVERSION = YES;
				CLANG_WARN_INFINITE_RECURSION = YES;
				CLANG_WARN_INT_CONVERSION = YES;
				CLANG_WARN_NON_LITERAL_NULL_CONVERSION = YES;
				CLANG_WARN_OBJC_IMPLICIT_RETAIN_SELF = YES;
				CLANG_WARN_OBJC_LITERAL_CONVERSION = YES;
				CLANG_WARN_OBJC_ROOT_CLASS = YES_ERROR;
				CLANG_WARN_QUOTED_INCLUDE_IN_FRAMEWORK_HEADER = YES;
				CLANG_WARN_RANGE_LOOP_ANALYSIS = YES;
				CLANG_WARN_STRICT_PROTOTYPES = YES;
				CLANG_WARN_SUSPICIOUS_MOVE = YES;
				CLANG_WARN_UNGUARDED_AVAILABILITY = YES_AGGRESSIVE;
				CLANG_WARN_UNREACHABLE_CODE = YES;
				CLANG_WARN__DUPLICATE_METHOD_MATCH = YES;
				CODE_SIGN_IDENTITY = "Apple Development";
				COPY_PHASE_STRIP = YES;
				DEAD_CODE_STRIPPING = YES;
				DEBUG_INFORMATION_FORMAT = "dwarf-with-dsym";
				DEPLOYMENT_POSTPROCESSING = YES;
				DEVELOPMENT_TEAM = 7VJKFX4HF8;
				ENABLE_NS_ASSERTIONS = NO;
				ENABLE_STRICT_OBJC_MSGSEND = YES;
				ENABLE_USER_SCRIPT_SANDBOXING = YES;
				GCC_C_LANGUAGE_STANDARD = gnu17;
				GCC_GENERATE_DEBUGGING_SYMBOLS = YES;
				GCC_NO_COMMON_BLOCKS = YES;
				GCC_WARN_64_TO_32_BIT_CONVERSION = YES;
				GCC_WARN_ABOUT_RETURN_TYPE = YES_ERROR;
				GCC_WARN_UNDECLARED_SELECTOR = YES;
				GCC_WARN_UNINITIALIZED_AUTOS = YES_AGGRESSIVE;
				GCC_WARN_UNUSED_FUNCTION = YES;
				GCC_WARN_UNUSED_VARIABLE = YES;
				IPHONEOS_DEPLOYMENT_TARGET = 16.0;
				LOCALIZATION_PREFERS_STRING_CATALOGS = YES;
				MTL_ENABLE_DEBUG_INFO = NO;
				MTL_FAST_MATH = YES;
				SDKROOT = iphoneos;
				STRING_CATALOG_GENERATE_SYMBOLS = YES;
				SWIFT_COMPILATION_MODE = wholemodule;
				SWIFT_SERIALIZE_DEBUGGING_OPTIONS = NO;
				SWIFT_VERSION = 6.0;
				VALIDATE_PRODUCT = YES;
			};
			name = Release;
		};
		F4CCFD9D2F320B5D00FC36CA /* Debug */ = {
			isa = XCBuildConfiguration;
			baseConfigurationReference = F4096B1D2F457B85006F9554 /* Secrets.xcconfig */;
			buildSettings = {
				ASSETCATALOG_COMPILER_ALTERNATE_APPICON_NAMES = "AppIcon MonoDarkAppIcon AuroraAppIcon AuroraDarkAppIcon MusicCatAppIcon MusicCatDarkAppIcon MusicCatColorAppIcon MusicCatColorDarkAppIcon PawDarkAppIcon PawMonoAppIcon PawMonoDarkAppIcon";
				ASSETCATALOG_COMPILER_APPICON_NAME = PawAppIcon;
				ASSETCATALOG_COMPILER_GLOBAL_ACCENT_COLOR_NAME = AccentColor;
				ASSETCATALOG_COMPILER_INCLUDE_ALL_APPICON_ASSETS = YES;
				CODE_SIGN_ENTITLEMENTS = MonoDebug.entitlements;
				CODE_SIGN_IDENTITY = "Apple Development";
				CODE_SIGN_STYLE = Automatic;
				CURRENT_PROJECT_VERSION = 92;
				DEBUG_INFORMATION_FORMAT = dwarf;
				DEVELOPMENT_TEAM = 7VJKFX4HF8;
				ENABLE_PREVIEWS = YES;
				GENERATE_INFOPLIST_FILE = NO;
				INFOPLIST_FILE = Sources/Mono/Info.plist;
				INFOPLIST_KEY_CFBundleDisplayName = Mono;
				INFOPLIST_KEY_LSApplicationCategoryType = "public.app-category.music";
				INFOPLIST_KEY_UIApplicationSceneManifest_Generation = YES;
				INFOPLIST_KEY_UIApplicationSupportsIndirectInputEvents = YES;
				INFOPLIST_KEY_UILaunchScreen_Generation = YES;
				INFOPLIST_KEY_UIStatusBarStyle = UIStatusBarStyleDefault;
				INFOPLIST_KEY_UISupportedInterfaceOrientations = "UIInterfaceOrientationPortrait UIInterfaceOrientationPortraitUpsideDown UIInterfaceOrientationLandscapeLeft UIInterfaceOrientationLandscapeRight";
				INFOPLIST_KEY_UISupportedInterfaceOrientations_iPad = "UIInterfaceOrientationPortrait UIInterfaceOrientationPortraitUpsideDown UIInterfaceOrientationLandscapeLeft UIInterfaceOrientationLandscapeRight";
				IPHONEOS_DEPLOYMENT_TARGET = 16.0;
				LD_RUNPATH_SEARCH_PATHS = (
					"$(inherited)",
					"@executable_path/Frameworks",
				);
				MARKETING_VERSION = 1.0;
				OTHER_LDFLAGS = (
					"$(inherited)",
					"-weak_framework",
					SwiftData,
				);
				PRODUCT_BUNDLE_IDENTIFIER = zijiu.Monologue.com;
				PRODUCT_NAME = "$(TARGET_NAME)";
				PROVISIONING_PROFILE_SPECIFIER = "";
				SDKROOT = iphoneos;
				SUPPORTED_PLATFORMS = "iphoneos iphonesimulator";
				SUPPORTS_MACCATALYST = NO;
				SUPPORTS_MAC_DESIGNED_FOR_IPHONE_IPAD = NO;
				SWIFT_ACTIVE_COMPILATION_CONDITIONS = "MAIN_APP $(inherited)";
				SWIFT_EMIT_LOC_STRINGS = YES;
				SWIFT_VERSION = 6.0;
				TARGETED_DEVICE_FAMILY = "1,2";
			};
			name = Debug;
		};
		F4CCFD9E2F320B5D00FC36CA /* Release */ = {
			isa = XCBuildConfiguration;
			baseConfigurationReference = F4096B1D2F457B85006F9554 /* Secrets.xcconfig */;
			buildSettings = {
				ASSETCATALOG_COMPILER_ALTERNATE_APPICON_NAMES = "AppIcon MonoDarkAppIcon AuroraAppIcon AuroraDarkAppIcon MusicCatAppIcon MusicCatDarkAppIcon MusicCatColorAppIcon MusicCatColorDarkAppIcon PawDarkAppIcon PawMonoAppIcon PawMonoDarkAppIcon";
				ASSETCATALOG_COMPILER_APPICON_NAME = PawAppIcon;
				ASSETCATALOG_COMPILER_GLOBAL_ACCENT_COLOR_NAME = AccentColor;
				ASSETCATALOG_COMPILER_INCLUDE_ALL_APPICON_ASSETS = YES;
				CODE_SIGN_ENTITLEMENTS = Sources/Mono/Mono.entitlements;
				CODE_SIGN_IDENTITY = "Apple Development";
				CODE_SIGN_STYLE = Automatic;
				COPY_PHASE_STRIP = YES;
				CURRENT_PROJECT_VERSION = 92;
				DEAD_CODE_STRIPPING = YES;
				DEBUG_INFORMATION_FORMAT = "dwarf-with-dsym";
				DEPLOYMENT_POSTPROCESSING = YES;
				DEVELOPMENT_TEAM = 7VJKFX4HF8;
				ENABLE_PREVIEWS = YES;
				GCC_GENERATE_DEBUGGING_SYMBOLS = YES;
				GENERATE_INFOPLIST_FILE = NO;
				INFOPLIST_FILE = Sources/Mono/Info.plist;
				INFOPLIST_KEY_CFBundleDisplayName = Mono;
				INFOPLIST_KEY_LSApplicationCategoryType = "public.app-category.music";
				INFOPLIST_KEY_UIApplicationSceneManifest_Generation = YES;
				INFOPLIST_KEY_UIApplicationSupportsIndirectInputEvents = YES;
				INFOPLIST_KEY_UILaunchScreen_Generation = YES;
				INFOPLIST_KEY_UIStatusBarStyle = UIStatusBarStyleDefault;
				INFOPLIST_KEY_UISupportedInterfaceOrientations = "UIInterfaceOrientationPortrait UIInterfaceOrientationPortraitUpsideDown UIInterfaceOrientationLandscapeLeft UIInterfaceOrientationLandscapeRight";
				INFOPLIST_KEY_UISupportedInterfaceOrientations_iPad = "UIInterfaceOrientationPortrait UIInterfaceOrientationPortraitUpsideDown UIInterfaceOrientationLandscapeLeft UIInterfaceOrientationLandscapeRight";
				IPHONEOS_DEPLOYMENT_TARGET = 16.0;
				LD_RUNPATH_SEARCH_PATHS = (
					"$(inherited)",
					"@executable_path/Frameworks",
				);
				MARKETING_VERSION = 1.0;
				OTHER_LDFLAGS = (
					"$(inherited)",
					"-weak_framework",
					SwiftData,
				);
				PRODUCT_BUNDLE_IDENTIFIER = zijiu.Monologue.com;
				PRODUCT_NAME = "$(TARGET_NAME)";
				PROVISIONING_PROFILE_SPECIFIER = "";
				SDKROOT = iphoneos;
				SUPPORTED_PLATFORMS = "iphoneos iphonesimulator";
				SUPPORTS_MACCATALYST = NO;
				SUPPORTS_MAC_DESIGNED_FOR_IPHONE_IPAD = NO;
				SWIFT_ACTIVE_COMPILATION_CONDITIONS = "MAIN_APP $(inherited)";
				SWIFT_EMIT_LOC_STRINGS = YES;
				SWIFT_SERIALIZE_DEBUGGING_OPTIONS = NO;
				SWIFT_VERSION = 6.0;
				TARGETED_DEVICE_FAMILY = "1,2";
			};
			name = Release;
		};
/* End XCBuildConfiguration section */

/* Begin XCConfigurationList section */
		23584558A7BB3D36D4D369FB /* Build configuration list for PBXNativeTarget "MonoTests" */ = {
			isa = XCConfigurationList;
			buildConfigurations = (
				803F9224A8B1426F4E966C79 /* Debug */,
				1C133D2B4956CD8AFD5C4163 /* Release */,
			);
			defaultConfigurationIsVisible = 0;
			defaultConfigurationName = Release;
		};
		BB100050BB100050BB100050 /* Build configuration list for PBXNativeTarget "musicExtension" */ = {
			isa = XCConfigurationList;
			buildConfigurations = (
				BB100051BB100051BB100051 /* Debug */,
				BB100052BB100052BB100052 /* Release */,
			);
			defaultConfigurationIsVisible = 0;
			defaultConfigurationName = Release;
		};
		F4CCFD732F320B5900FC36CA /* Build configuration list for PBXProject "Mono" */ = {
			isa = XCConfigurationList;
			buildConfigurations = (
				F4CCFD9A2F320B5D00FC36CA /* Debug */,
				F4CCFD9B2F320B5D00FC36CA /* Release */,
			);
			defaultConfigurationIsVisible = 0;
			defaultConfigurationName = Release;
		};
		F4CCFD9C2F320B5D00FC36CA /* Build configuration list for PBXNativeTarget "Mono" */ = {
			isa = XCConfigurationList;
			buildConfigurations = (
				F4CCFD9D2F320B5D00FC36CA /* Debug */,
				F4CCFD9E2F320B5D00FC36CA /* Release */,
			);
			defaultConfigurationIsVisible = 0;
			defaultConfigurationName = Release;
		};
/* End XCConfigurationList section */

/* Begin XCLocalSwiftPackageReference section */
		1B8793A2EBAA41FFB9F5D519 /* XCLocalSwiftPackageReference "Packages/Icons/ZappiconIcons" */ = {
			isa = XCLocalSwiftPackageReference;
			relativePath = Packages/Icons/ZappiconIcons;
		};
		96FB55B756AB4F8CAB80801E /* XCLocalSwiftPackageReference "Packages/Icons/LucideIcons" */ = {
			isa = XCLocalSwiftPackageReference;
			relativePath = Packages/Icons/LucideIcons;
		};
		C0DE20000000000000000002 /* XCLocalSwiftPackageReference "Packages/Icons/BlobIcons" */ = {
			isa = XCLocalSwiftPackageReference;
			relativePath = Packages/Icons/BlobIcons;
		};
		C0DE30000000000000000002 /* XCLocalSwiftPackageReference "Packages/Icons/doodlePop" */ = {
			isa = XCLocalSwiftPackageReference;
			relativePath = Packages/Icons/doodlePop;
		};
		C0DE40000000000000000002 /* XCLocalSwiftPackageReference "Packages/Icons/PawPrintIcons" */ = {
			isa = XCLocalSwiftPackageReference;
			relativePath = Packages/Icons/PawPrintIcons;
		};
		C0DE50000000000000000002 /* XCLocalSwiftPackageReference "Packages/Icons/DotDogSnakeIcons" */ = {
			isa = XCLocalSwiftPackageReference;
			relativePath = Packages/Icons/DotDogSnakeIcons;
		};
		C0DE60000000000000000002 /* XCLocalSwiftPackageReference "Packages/Icons/MinimalWhiteIcons" */ = {
			isa = XCLocalSwiftPackageReference;
			relativePath = Packages/Icons/MinimalWhiteIcons;
		};
		C0DE80000000000000000002 /* XCLocalSwiftPackageReference "Packages/UI/SwiftPixelGrid" */ = {
			isa = XCLocalSwiftPackageReference;
			relativePath = Packages/UI/SwiftPixelGrid;
		};
		C0DEA0000000000000000002 /* XCLocalSwiftPackageReference "Packages/Icons/PulseBloomIcons" */ = {
			isa = XCLocalSwiftPackageReference;
			relativePath = Packages/Icons/PulseBloomIcons;
		};
		C0DEB0000000000000000002 /* XCLocalSwiftPackageReference "Packages/Icons/MonoGlyphIcons" */ = {
			isa = XCLocalSwiftPackageReference;
			relativePath = Packages/Icons/MonoGlyphIcons;
		};
		C0DEC0000000000000000002 /* XCLocalSwiftPackageReference "Packages/UI/ShibaWelcome" */ = {
			isa = XCLocalSwiftPackageReference;
			relativePath = Packages/UI/ShibaWelcome;
		};
		D4E5F6A7B8C9D0E1F2A3B4C5 /* XCLocalSwiftPackageReference "Packages/Icons/SolarIcons" */ = {
			isa = XCLocalSwiftPackageReference;
			relativePath = Packages/Icons/SolarIcons;
		};
		F4087C1E2F543A24006005CB /* XCLocalSwiftPackageReference "Packages/Icons/HiconIcons" */ = {
			isa = XCLocalSwiftPackageReference;
			relativePath = Packages/Icons/HiconIcons;
		};
		F48E9C432F3B4F060060F4D4 /* XCLocalSwiftPackageReference "Packages/MusicServices/NeteaseCloudMusicAPI-Swift" */ = {
			isa = XCLocalSwiftPackageReference;
			relativePath = "Packages/MusicServices/NeteaseCloudMusicAPI-Swift";
		};
		F4DE904C2F42439900F27065 /* XCLocalSwiftPackageReference "Packages/MusicServices/QQMusicKit" */ = {
			isa = XCLocalSwiftPackageReference;
			relativePath = Packages/MusicServices/QQMusicKit;
		};
		F4DE905D2F42E31F00F27065 /* XCLocalSwiftPackageReference "Packages/Audio/ffmpeg-swift" */ = {
			isa = XCLocalSwiftPackageReference;
			relativePath = "Packages/Audio/ffmpeg-swift";
		};
/* End XCLocalSwiftPackageReference section */

/* Begin XCRemoteSwiftPackageReference section */
		C0DE70000000000000000002 /* XCRemoteSwiftPackageReference "ZIPFoundation" */ = {
			isa = XCRemoteSwiftPackageReference;
			repositoryURL = "https://github.com/weichsel/ZIPFoundation.git";
			requirement = {
				kind = upToNextMajorVersion;
				minimumVersion = 0.9.20;
			};
		};
/* End XCRemoteSwiftPackageReference section */

/* Begin XCSwiftPackageProductDependency section */
		138061FE3E0D4FB49D5E933B /* LucideIcons */ = {
			isa = XCSwiftPackageProductDependency;
			package = 96FB55B756AB4F8CAB80801E /* XCLocalSwiftPackageReference "Packages/Icons/LucideIcons" */;
			productName = LucideIcons;
		};
		B6C6DF8C628840ABA8D68950 /* ZappiconIcons */ = {
			isa = XCSwiftPackageProductDependency;
			package = 1B8793A2EBAA41FFB9F5D519 /* XCLocalSwiftPackageReference "Packages/Icons/ZappiconIcons" */;
			productName = ZappiconIcons;
		};
		C0DE20000000000000000003 /* BlobIcons */ = {
			isa = XCSwiftPackageProductDependency;
			package = C0DE20000000000000000002 /* XCLocalSwiftPackageReference "Packages/Icons/BlobIcons" */;
			productName = BlobIcons;
		};
		C0DE30000000000000000003 /* doodlePop */ = {
			isa = XCSwiftPackageProductDependency;
			package = C0DE30000000000000000002 /* XCLocalSwiftPackageReference "Packages/Icons/doodlePop" */;
			productName = doodlePop;
		};
		C0DE40000000000000000003 /* PawPrintIcons */ = {
			isa = XCSwiftPackageProductDependency;
			package = C0DE40000000000000000002 /* XCLocalSwiftPackageReference "Packages/Icons/PawPrintIcons" */;
			productName = PawPrintIcons;
		};
		C0DE50000000000000000003 /* DotDogSnakeIcons */ = {
			isa = XCSwiftPackageProductDependency;
			package = C0DE50000000000000000002 /* XCLocalSwiftPackageReference "Packages/Icons/DotDogSnakeIcons" */;
			productName = DotDogSnakeIcons;
		};
		C0DE60000000000000000003 /* MinimalWhiteIcons */ = {
			isa = XCSwiftPackageProductDependency;
			package = C0DE60000000000000000002 /* XCLocalSwiftPackageReference "Packages/Icons/MinimalWhiteIcons" */;
			productName = MinimalWhiteIcons;
		};
		C0DE70000000000000000003 /* ZIPFoundation */ = {
			isa = XCSwiftPackageProductDependency;
			package = C0DE70000000000000000002 /* XCRemoteSwiftPackageReference "ZIPFoundation" */;
			productName = ZIPFoundation;
		};
		C0DE80000000000000000003 /* SwiftPixelGrid */ = {
			isa = XCSwiftPackageProductDependency;
			package = C0DE80000000000000000002 /* XCLocalSwiftPackageReference "Packages/UI/SwiftPixelGrid" */;
			productName = SwiftPixelGrid;
		};
		C0DEA0000000000000000003 /* PulseBloomIcons */ = {
			isa = XCSwiftPackageProductDependency;
			package = C0DEA0000000000000000002 /* XCLocalSwiftPackageReference "Packages/Icons/PulseBloomIcons" */;
			productName = PulseBloomIcons;
		};
		C0DEB0000000000000000003 /* MonoGlyphIcons */ = {
			isa = XCSwiftPackageProductDependency;
			package = C0DEB0000000000000000002 /* XCLocalSwiftPackageReference "Packages/Icons/MonoGlyphIcons" */;
			productName = MonoGlyphIcons;
		};
		C0DEC0000000000000000003 /* ShibaWelcome */ = {
			isa = XCSwiftPackageProductDependency;
			package = C0DEC0000000000000000002 /* XCLocalSwiftPackageReference "Packages/UI/ShibaWelcome" */;
			productName = ShibaWelcome;
		};
		DD300002DD300002DD300002 /* HiconIcons */ = {
			isa = XCSwiftPackageProductDependency;
			productName = HiconIcons;
		};
		F1E2D3C4B5A6978869504132 /* SolarIcons */ = {
			isa = XCSwiftPackageProductDependency;
			package = D4E5F6A7B8C9D0E1F2A3B4C5 /* XCLocalSwiftPackageReference "Packages/Icons/SolarIcons" */;
			productName = SolarIcons;
		};
		F4087C1F2F543A24006005CB /* HiconIcons */ = {
			isa = XCSwiftPackageProductDependency;
			productName = HiconIcons;
		};
		F48E9C442F3B4F060060F4D4 /* NeteaseCloudMusicAPI */ = {
			isa = XCSwiftPackageProductDependency;
			package = F48E9C432F3B4F060060F4D4 /* XCLocalSwiftPackageReference "Packages/MusicServices/NeteaseCloudMusicAPI-Swift" */;
			productName = NeteaseCloudMusicAPI;
		};
		F4DE904D2F42439900F27065 /* QQMusicKit */ = {
			isa = XCSwiftPackageProductDependency;
			package = F4DE904C2F42439900F27065 /* XCLocalSwiftPackageReference "Packages/MusicServices/QQMusicKit" */;
			productName = QQMusicKit;
		};
		F4DE905E2F42E31F00F27065 /* FFmpegSwiftSDK */ = {
			isa = XCSwiftPackageProductDependency;
			package = F4DE905D2F42E31F00F27065 /* XCLocalSwiftPackageReference "Packages/Audio/ffmpeg-swift" */;
			productName = FFmpegSwiftSDK;
		};
/* End XCSwiftPackageProductDependency section */
	};
	rootObject = F4CCFD702F320B5900FC36CA /* Project object */;
}
